github.com/IIayk122/AuBot v0.0.0-20190915161904-6612d0515c38 h1:fvv0QKun2sq9IAM3OYxWRAHO7+B0AGrjUpuIBL6dRSQ=
github.com/IIayk122/AuBot v0.0.0-20190915161904-6612d0515c38/go.mod h1:rTb/6o3CgvB4Tn2XXBljCQAhQuvEAtGIVc62k0HUfao=
github.com/PeterCxy/gozbar v0.0.0-20190326032822-3a1847c06661 h1:LzGTHLx/sXV75TRDCYzMcIlPSVns0aoTWeasg5Qa/DI=
github.com/PeterCxy/gozbar v0.0.0-20190326032822-3a1847c06661/go.mod h1:zZuJKy6Ywgi7DSwgUn0UMhiaNMt2rXW5kCQESjg7YKw=
github.com/armon/go-radix v1.0.0 h1:F4z6KzEeeQIMeLFa97iZU6vupzoecKdU5TX24SNppXI=
github.com/armon/go-radix v1.0.0/go.mod h1:ufUuZ+zHj4x4TnLV4JWEpy2hxWSpsRywHrMgIH9cCH8=
github.com/davecgh/go-spew v1.1.0 h1:ZDRjVQ15GmhC3fiQ8ni8+OwkZQO4DARzQgrnXU1Liz8=
github.com/davecgh/go-spew v1.1.0/go.mod h1:J7Y8YcW2NihsgmVo/mv3lAwl/skON4iLHjSsI+c5H38=
github.com/go-stack/stack v1.8.0 h1:5SgMzNM5HxrEjV0ww2lTmX6E2Izsfxas4+YHWRs3Lsk=
github.com/go-stack/stack v1.8.0/go.mod h1:v0f6uXyyMGvRgIKkXu+yp6POWl0qKG85gN/melR3HDY=
github.com/golang/snappy v0.0.1 h1:Qgr9rKW7uDUkrbSmQeiDsGa8SjGyCOGtuasMWwvp2P4=
github.com/golang/snappy v0.0.1/go.mod h1:/XxbfmMg8lxefKM7IXC3fBNl/7bRcc72aCRzEWrmP2Q=
github.com/google/go-cmp v0.3.1 h1:Xye71clBPdm5HgqGwUkwhbynsUJZhDbS20FvLhQ2izg=
github.com/google/go-cmp v0.3.1/go.mod h1:8QqcDgzrUqlUb/G2PQTWiueGozuR1884gddMywk6iLU=
github.com/google/uuid v1.1.0 h1:Jf4mxPC/ziBnoPIdpQdPJ9OeiomAUHLvxmPRSPH9m4s=
github.com/google/uuid v1.1.0/go.mod h1:TIyPZe4MgqvfeYDBFedMoGGpEw/LqOeaOT+nhxU+yHo=
github.com/jinzhu/now v1.1.1 h1:g39TucaRWyV3dwDO++eEc6qf8TVIQ/Da48WmqjZ3i7E=
github.com/jinzhu/now v1.1.1/go.mod h1:d3SSVoowX0Lcu0IBviAWJpolVfI5UJVZZ7cO71lE/z8=
github.com/kdar/goquirc v0.0.0-20170404200522-467c1664402a h1:bDIHypArUg+N7UOL7x2yB6UW1XJFGw0s5NCvakBfwSQ=
github.com/kdar/goquirc v0.0.0-20170404200522-467c1664402a/go.mod h1:w3gsPLR0PsoLpdIETBjY4Qxf1XyKKQYSUtTdOBJjtLY=
github.com/kisulken/go-telegram-flow v0.0.0-20190202002451-92e709ba99cc h1:gR2nobibKQAiCDuMXoT2C3npYyiASS/xJSyfM5V1Ozk=
github.com/kisulken/go-telegram-flow v0.0.0-20190202002451-92e709ba99cc/go.mod h1:skLwQbIgcwKqj3eWS4ZF7reQYMFDCVT6GBi7JRWvzJY=
github.com/kr/pretty v0.1.0 h1:L/CwN0zerZDmRFUapSPitk6f+Q3+0za1rQkzVuMiMFI=
github.com/kr/pretty v0.1.0/go.mod h1:dAy3ld7l9f0ibDNOQOHHMYYIIbhfbHSm3C4ZsoJORNo=
github.com/kr/pty v1.1.1/go.mod h1:pFQYn66WHrOpPYNljwOMqo10TkYh1fy3cYio2l3bCsQ=
github.com/kr/text v0.1.0 h1:45sCR5RtlFHMR4UwH9sdQ5TC8v0qDQCHnXt+kaKSTVE=
github.com/kr/text v0.1.0/go.mod h1:4Jbv+DJW3UT/LiOwJeYQe1efqtUx/iVham/4vfdArNI=
github.com/liyue201/goqr v0.0.0-20190819100740-e0a93e1d3789 h1:9XU0+BjdpOvPldR6aQkXd1/C8TvpKO1AtPtJ9T7Gz60=
github.com/liyue201/goqr v0.0.0-20190819100740-e0a93e1d3789/go.mod h1:gpKYC5WrbydSHMJoum/QD5/OmhfInl8XQovSoWBWd2g=
github.com/maruel/rs v0.0.0-20150922171536-2c81c4312fe4 h1:u9jwvcKbQpghIXgNl/EOL8hzhAFXh4ePrEP493W3tNA=
github.com/maruel/rs v0.0.0-20150922171536-2c81c4312fe4/go.mod h1:kcRFpEzolcEklV6rD7W95mG49/sbdX/PlFmd7ni3RvA=
github.com/pkg/errors v0.8.1 h1:iURUrRGxPUNPdy5/HRSm+Yj6okJ6UtLINN0Q9M4+h3I=
github.com/pkg/errors v0.8.1/go.mod h1:bwawxfHBFNV+L2hUp1rHADufV3IMtnDRdf1r5NINEl0=
github.com/pmezard/go-difflib v1.0.0 h1:4DBwDE0NGyQoBHbLQYPwSUPoCMWR5BEzIk/f1lZbAQM=
github.com/pmezard/go-difflib v1.0.0/go.mod h1:iKH77koFhYxTK1pcRnkKkqfTogsbg7gZNVY4sRDYZ/4=
github.com/stretchr/objx v0.1.0/go.mod h1:HFkY916IF+rwdDfMAkV7OtwuqBVzrE8GR6GFx+wExME=
github.com/stretchr/testify v1.4.0 h1:2E4SXV/wtOkTonXsotYi4li6zVWxYlZuYNCXe9XRJyk=
github.com/stretchr/testify v1.4.0/go.mod h1:j7eGeouHqKxXV5pUuKE4zz7dFj8WfuZ+81PSLYec5m4=
github.com/tealeg/xlsx v1.0.5 h1:+f8oFmvY8Gw1iUXzPk+kz+4GpbDZPK1FhPiQRd+ypgE=
github.com/tealeg/xlsx v1.0.5/go.mod h1:btRS8dz54TDnvKNosuAqxrM1QgN1udgk9O34bDCnORM=
github.com/tidwall/pretty v1.0.0 h1:HsD+QiTn7sK6flMKIvNmpqz1qrpP3Ps6jOKIKMooyg4=
github.com/tidwall/pretty v1.0.0/go.mod h1:XNkn88O1ChpSDQmQeStsy+sBenx6DDtFZJxhVysOjyk=
github.com/tucnak/tr v0.0.0-20171207114130-bfa44f5157dd h1:nZfHWr6F8TCuZefEvGLsrxDLW1ziYxKbJyCkGMNdy5Q=
github.com/tucnak/tr v0.0.0-20171207114130-bfa44f5157dd/go.mod h1:rW96esLP0gEWDDsgQ22XxkAEGkCo8TOM3WyJkAJCxJg=
github.com/tuotoo/qrcode v0.0.0-20190222102259-ac9c44189bf2 h1:BWVtt2VBY+lmVDu9MGKqLGKl04B+iRHcrW1Ptyi/8tg=
github.com/tuotoo/qrcode v0.0.0-20190222102259-ac9c44189bf2/go.mod h1:lPnW9HVS0vJdeYyQtOvIvlXgZPNhUAhwz+z5r8AJk0Y=
github.com/xdg/scram v0.0.0-20180814205039-7eeb5667e42c h1:u40Z8hqBAAQyv+vATcGgV0YCnDjqSL7/q/JyPhhJSPk=
github.com/xdg/scram v0.0.0-20180814205039-7eeb5667e42c/go.mod h1:lB8K/P019DLNhemzwFU4jHLhdvlE6uDZjXFejJXr49I=
github.com/xdg/stringprep v1.0.0 h1:d9X0esnoa3dFsV0FG35rAT0RIhYFlPq7MiP+DW89La0=
github.com/xdg/stringprep v1.0.0/go.mod h1:Jhud4/sHMO4oL310DaZAKk9ZaJ08SJfe+sJh0HrGL1Y=
github.com/zooyer/zbar v0.0.0-20190704143803-273f629abd91 h1:j78+4AgPSaBvZ842Y09OSi+svEwMXr7lQWlSDeVeZH4=
github.com/zooyer/zbar v0.0.0-20190704143803-273f629abd91/go.mod h1:O0aoUnd9lh0+AKmdikNM9/Ql1syLa0x+E2pyZclcrXY=
go.mongodb.org/mongo-driver v1.1.2 h1:jxcFYjlkl8xaERsgLo+RNquI0epW6zuy/ZRQs6jnrFA=
go.mongodb.org/mongo-driver v1.1.2/go.mod h1:u7ryQJ+DOzQmeO7zB6MHyr8jkEQvC8vH7qLUO4lqsUM=
go.mongodb.org/mongo-driver v1.1.3 h1:++7u8r9adKhGR+I79NfEtYrk2ktjenErXM99PSufIoI=
go.mongodb.org/mongo-driver v1.1.3/go.mod h1:u7ryQJ+DOzQmeO7zB6MHyr8jkEQvC8vH7qLUO4lqsUM=
golang.org/x/crypto v0.0.0-20190308221718-c2843e01d9a2 h1:VklqNMn3ovrHsnt90PveolxSbWFaJdECFbxSq0Mqo2M=
golang.org/x/crypto v0.0.0-20190308221718-c2843e01d9a2/go.mod h1:djNgcEr1/C05ACkg1iLfiJU5Ep61QUkGW8qpdssI0+w=
golang.org/x/net v0.0.0-20191027093000-83d349e8ac1a h1:Yu34BogBivvmu7SAzHHaB9nZWH5D1C+z3F1jyIaYZSQ=
golang.org/x/net v0.0.0-20191027093000-83d349e8ac1a/go.mod h1:z5CRVTTTmAJ677TzLLGU+0bjPO0LkuOLi4/5GtJWs/s=
golang.org/x/net v0.0.0-20191204025024-5ee1b9f4859a h1:+HHJiFUXVOIS9mr1ThqkQD1N8vpFCfCShqADBM12KTc=
golang.org/x/net v0.0.0-20191204025024-5ee1b9f4859a/go.mod h1:z5CRVTTTmAJ677TzLLGU+0bjPO0LkuOLi4/5GtJWs/s=
golang.org/x/sync v0.0.0-20190911185100-cd5d95a43a6e h1:vcxGaoTs7kV8m5Np9uUNQin4BrLOthgV7252N8V+FwY=
golang.org/x/sync v0.0.0-20190911185100-cd5d95a43a6e/go.mod h1:RxMgew5VJxzue5/jJTE5uejpjVlOe/izrB70Jof72aM=
golang.org/x/sys v0.0.0-20190215142949-d0b11bdaac8a/go.mod h1:STP8DvDyc/dI5b8T5hshtkjS+E42TnysNCUPdjciGhY=
golang.org/x/text v0.3.0 h1:g61tztE5qeGQ89tm6NTjjM9VPIm088od1l6aSorWRWg=
golang.org/x/text v0.3.0/go.mod h1:NqM8EUOU14njkJ3fqMW+pc6Ldnwhi/IjpwHt7yyuwOQ=
gopkg.in/check.v1 v0.0.0-20161208181325-20d25e280405/go.mod h1:Co6ibVJAznAaIkqp8huTwlJQCZ016jof/cbN4VW5Yz0=
gopkg.in/check.v1 v1.0.0-20190902080502-41f04d3bba15 h1:YR8cESwS4TdDjEe65xsg0ogRM/Nc3DYOhEAlW+xobZo=
gopkg.in/check.v1 v1.0.0-20190902080502-41f04d3bba15/go.mod h1:Co6ibVJAznAaIkqp8huTwlJQCZ016jof/cbN4VW5Yz0=
gopkg.in/tucnak/telebot.v2 v2.0.0-20191005061224-d0707a9d73c4 h1:MSLXMclm1f+66ozQ1n4/+LRToMtonMsAySOo5TWK9aU=
gopkg.in/tucnak/telebot.v2 v2.0.0-20191005061224-d0707a9d73c4/go.mod h1:+//wyPtHTeW2kfyEBwB05Hqnxev7AGrsLIyylSH++KU=
gopkg.in/yaml.v2 v2.2.2 h1:ZCJp+EgiOT7lHqUV2J862kp8Qj64Jo6az82+3Td9dZw=
gopkg.in/yaml.v2 v2.2.2/go.mod h1:hI93XBmqTisBFMUTm0b8Fm+jr3Dg1NNxqwp+5A1VGuI=
